
Microsoft Visual Studio Solution File, Format Version 12.00
# Visual Studio Version 17
VisualStudioVersion = 17.12.35527.113 d17.12
MinimumVisualStudioVersion = 10.0.40219.1
Project("{2150E333-8FDC-42A3-9474-1A3956D46DE8}") = "src", "src", "{1D04D607-9A4C-4CE4-9C87-6D2AFFAD8778}"
EndProject
Project("{FAE04EC0-301F-11D3-BF4B-00C04F79EFBC}") = "Application", "Application\Application.csproj", "{C4D9EEBB-1A0D-425F-A49A-E8957EB48F6F}"
EndProject
Project("{FAE04EC0-301F-11D3-BF4B-00C04F79EFBC}") = "Domain", "Domain\Domain.csproj", "{A1095F08-B0E5-469E-99EF-273948B32D73}"
EndProject
Project("{FAE04EC0-301F-11D3-BF4B-00C04F79EFBC}") = "Infrastructure", "Infrastructure\Infrastructure.csproj", "{374567A1-03CA-4EFA-800D-E5FBE4386EA9}"
EndProject
Project("{FAE04EC0-301F-11D3-BF4B-00C04F79EFBC}") = "SharedKernel", "SharedKernel\SharedKernel.csproj", "{5858F4D0-9535-461F-AD36-6A26DE4157EE}"
EndProject
Project("{FAE04EC0-301F-11D3-BF4B-00C04F79EFBC}") = "Web.Api", "Web.Api\Web.Api.csproj", "{FCFC46F9-ABDB-4033-9270-0821E057929E}"
EndProject
Project("{2150E333-8FDC-42A3-9474-1A3956D46DE8}") = "tests", "tests", "{3E578504-38A4-4F0D-91AB-E0B91545909C}"
EndProject
Global
	GlobalSection(SolutionConfigurationPlatforms) = preSolution
		Debug|Any CPU = Debug|Any CPU
		Release|Any CPU = Release|Any CPU
	EndGlobalSection
	GlobalSection(ProjectConfigurationPlatforms) = postSolution
		{C4D9EEBB-1A0D-425F-A49A-E8957EB48F6F}.Debug|Any CPU.ActiveCfg = Debug|Any CPU
		{C4D9EEBB-1A0D-425F-A49A-E8957EB48F6F}.Debug|Any CPU.Build.0 = Debug|Any CPU
		{C4D9EEBB-1A0D-425F-A49A-E8957EB48F6F}.Release|Any CPU.ActiveCfg = Release|Any CPU
		{C4D9EEBB-1A0D-425F-A49A-E8957EB48F6F}.Release|Any CPU.Build.0 = Release|Any CPU
		{A1095F08-B0E5-469E-99EF-273948B32D73}.Debug|Any CPU.ActiveCfg = Debug|Any CPU
		{A1095F08-B0E5-469E-99EF-273948B32D73}.Debug|Any CPU.Build.0 = Debug|Any CPU
		{A1095F08-B0E5-469E-99EF-273948B32D73}.Release|Any CPU.ActiveCfg = Release|Any CPU
		{A1095F08-B0E5-469E-99EF-273948B32D73}.Release|Any CPU.Build.0 = Release|Any CPU
		{374567A1-03CA-4EFA-800D-E5FBE4386EA9}.Debug|Any CPU.ActiveCfg = Debug|Any CPU
		{374567A1-03CA-4EFA-800D-E5FBE4386EA9}.Debug|Any CPU.Build.0 = Debug|Any CPU
		{374567A1-03CA-4EFA-800D-E5FBE4386EA9}.Release|Any CPU.ActiveCfg = Release|Any CPU
		{374567A1-03CA-4EFA-800D-E5FBE4386EA9}.Release|Any CPU.Build.0 = Release|Any CPU
		{5858F4D0-9535-461F-AD36-6A26DE4157EE}.Debug|Any CPU.ActiveCfg = Debug|Any CPU
		{5858F4D0-9535-461F-AD36-6A26DE4157EE}.Debug|Any CPU.Build.0 = Debug|Any CPU
		{5858F4D0-9535-461F-AD36-6A26DE4157EE}.Release|Any CPU.ActiveCfg = Release|Any CPU
		{5858F4D0-9535-461F-AD36-6A26DE4157EE}.Release|Any CPU.Build.0 = Release|Any CPU
		{FCFC46F9-ABDB-4033-9270-0821E057929E}.Debug|Any CPU.ActiveCfg = Debug|Any CPU
		{FCFC46F9-ABDB-4033-9270-0821E057929E}.Debug|Any CPU.Build.0 = Debug|Any CPU
		{FCFC46F9-ABDB-4033-9270-0821E057929E}.Release|Any CPU.ActiveCfg = Release|Any CPU
		{FCFC46F9-ABDB-4033-9270-0821E057929E}.Release|Any CPU.Build.0 = Release|Any CPU
	EndGlobalSection
	GlobalSection(SolutionProperties) = preSolution
		HideSolutionNode = FALSE
	EndGlobalSection
	GlobalSection(NestedProjects) = preSolution
		{C4D9EEBB-1A0D-425F-A49A-E8957EB48F6F} = {1D04D607-9A4C-4CE4-9C87-6D2AFFAD8778}
		{A1095F08-B0E5-469E-99EF-273948B32D73} = {1D04D607-9A4C-4CE4-9C87-6D2AFFAD8778}
		{374567A1-03CA-4EFA-800D-E5FBE4386EA9} = {1D04D607-9A4C-4CE4-9C87-6D2AFFAD8778}
		{5858F4D0-9535-461F-AD36-6A26DE4157EE} = {1D04D607-9A4C-4CE4-9C87-6D2AFFAD8778}
		{FCFC46F9-ABDB-4033-9270-0821E057929E} = {1D04D607-9A4C-4CE4-9C87-6D2AFFAD8778}
	EndGlobalSection
EndGlobal
